{
    "_readme": [
        "This file locks the dependencies of your project to a known state",
        "Read more about it at https://getcomposer.org/doc/01-basic-usage.md#composer-lock-the-lock-file",
        "This file is @generated automatically"
    ],
    "hash": "0c83819113aa60f513a8d5208ceae8bd",
    "content-hash": "ccb5a31f98ccde7769e84a02a43ab11e",
    "packages": [
        {
            "name": "graphaware/neo4j-bolt",
            "version": "1.1.0",
            "source": {
                "type": "git",
                "url": "https://github.com/graphaware/neo4j-bolt-php.git",
                "reference": "fb67e50d00632f29592c759736b034e780eeb857"
            },
            "dist": {
                "type": "zip",
                "url": "https://api.github.com/repos/graphaware/neo4j-bolt-php/zipball/fb67e50d00632f29592c759736b034e780eeb857",
                "reference": "fb67e50d00632f29592c759736b034e780eeb857",
                "shasum": ""
            },
            "require": {
                "graphaware/neo4j-common": "^1.7",
                "myclabs/php-enum": "^1.4",
                "symfony/event-dispatcher": "^2.7|^3.0"
            },
            "require-dev": {
                "behat/behat": "~3.0.4",
                "phpunit/phpunit": "^4.8",
                "symfony/stopwatch": "^2.7"
            },
            "type": "library",
            "autoload": {
                "psr-4": {
                    "GraphAware\\Bolt\\": "src/"
                }
            },
            "notification-url": "https://packagist.org/downloads/",
            "license": [
                "MIT"
            ],
            "authors": [
                {
                    "name": "Christophe Willemsen",
                    "email": "christophe@graphaware.com"
                }
            ],
            "description": "Neo4j Bolt Binary Protocol PHP Driver",
            "time": "2016-01-29 21:17:14"
        },
        {
            "name": "graphaware/neo4j-common",
            "version": "1.14.0",
            "source": {
                "type": "git",
                "url": "https://github.com/graphaware/neo4j-php-commons.git",
                "reference": "d24eaeaaacb7cb6538ae2a144be5d54ee24fc07a"
            },
            "dist": {
                "type": "zip",
                "url": "https://api.github.com/repos/graphaware/neo4j-php-commons/zipball/d24eaeaaacb7cb6538ae2a144be5d54ee24fc07a",
                "reference": "d24eaeaaacb7cb6538ae2a144be5d54ee24fc07a",
                "shasum": ""
            },
            "require": {
                "myclabs/php-enum": "^1.4"
            },
            "require-dev": {
                "phpunit/phpunit": "^4.0"
            },
            "type": "library",
            "autoload": {
                "psr-4": {
                    "GraphAware\\Common\\": "src/"
                }
            },
            "notification-url": "https://packagist.org/downloads/",
            "license": [
                "ApacheV2"
            ],
            "authors": [
                {
                    "name": "Christophe Willemsen",
                    "email": "christophe@graphaware.com"
                }
            ],
            "description": "Common Utilities library for Neo4j",
            "keywords": [
                "cypher",
                "database",
                "graph",
                "neo4j",
                "statement"
            ],
            "time": "2016-01-21 16:31:06"
        },
        {
            "name": "graphaware/neo4j-php-client",
            "version": "4.0.0-alpha2",
            "source": {
                "type": "git",
                "url": "https://github.com/graphaware/neo4j-php-client.git",
                "reference": "d46208e06386d7cc43f8605d97afa03f791a6cc9"
            },
            "dist": {
                "type": "zip",
                "url": "https://api.github.com/repos/graphaware/neo4j-php-client/zipball/d46208e06386d7cc43f8605d97afa03f791a6cc9",
                "reference": "d46208e06386d7cc43f8605d97afa03f791a6cc9",
                "shasum": ""
            },
            "require": {
                "graphaware/neo4j-bolt": "^1.0",
                "graphaware/neo4j-common": "^1.2",
                "guzzlehttp/guzzle": "^6.0",
                "myclabs/php-enum": "^1.4",
                "php": ">= 5.6",
                "symfony/event-dispatcher": "^2.7|^3.0"
            },
            "require-dev": {
                "phpunit/phpunit": "4.*",
                "symfony/stopwatch": "^3.0"
            },
            "type": "library",
            "autoload": {
                "psr-4": {
                    "GraphAware\\Neo4j\\Client\\": "src/"
                }
            },
            "notification-url": "https://packagist.org/downloads/",
            "license": [
                "MIT"
            ],
            "authors": [
                {
                    "name": "Christophe Willemsen",
                    "email": "christophe@graphaware.com"
                }
            ],
            "description": "Neo4j-PHP-Client is the most advanced PHP Client for Neo4j",
            "homepage": "http://graphaware.com",
            "keywords": [
                "bolt",
                "client",
                "cluster",
                "database",
                "graph",
                "high-availibility",
                "http",
                "neo4j"
            ],
            "time": "2016-01-29 21:13:57"
        },
        {
            "name": "guzzlehttp/guzzle",
            "version": "6.1.1",
            "source": {
                "type": "git",
                "url": "https://github.com/guzzle/guzzle.git",
                "reference": "c6851d6e48f63b69357cbfa55bca116448140e0c"
            },
            "dist": {
                "type": "zip",
                "url": "https://api.github.com/repos/guzzle/guzzle/zipball/c6851d6e48f63b69357cbfa55bca116448140e0c",
                "reference": "c6851d6e48f63b69357cbfa55bca116448140e0c",
                "shasum": ""
            },
            "require": {
                "guzzlehttp/promises": "~1.0",
                "guzzlehttp/psr7": "~1.1",
                "php": ">=5.5.0"
            },
            "require-dev": {
                "ext-curl": "*",
                "phpunit/phpunit": "~4.0",
                "psr/log": "~1.0"
            },
            "type": "library",
            "extra": {
                "branch-alias": {
                    "dev-master": "6.1-dev"
                }
            },
            "autoload": {
                "files": [
                    "src/functions_include.php"
                ],
                "psr-4": {
                    "GuzzleHttp\\": "src/"
                }
            },
            "notification-url": "https://packagist.org/downloads/",
            "license": [
                "MIT"
            ],
            "authors": [
                {
                    "name": "Michael Dowling",
                    "email": "mtdowling@gmail.com",
                    "homepage": "https://github.com/mtdowling"
                }
            ],
            "description": "Guzzle is a PHP HTTP client library",
            "homepage": "http://guzzlephp.org/",
            "keywords": [
                "client",
                "curl",
                "framework",
                "http",
                "http client",
                "rest",
                "web service"
            ],
            "time": "2015-11-23 00:47:50"
        },
        {
            "name": "guzzlehttp/promises",
            "version": "1.0.3",
            "source": {
                "type": "git",
                "url": "https://github.com/guzzle/promises.git",
                "reference": "b1e1c0d55f8083c71eda2c28c12a228d708294ea"
            },
            "dist": {
                "type": "zip",
                "url": "https://api.github.com/repos/guzzle/promises/zipball/b1e1c0d55f8083c71eda2c28c12a228d708294ea",
                "reference": "b1e1c0d55f8083c71eda2c28c12a228d708294ea",
                "shasum": ""
            },
            "require": {
                "php": ">=5.5.0"
            },
            "require-dev": {
                "phpunit/phpunit": "~4.0"
            },
            "type": "library",
            "extra": {
                "branch-alias": {
                    "dev-master": "1.0-dev"
                }
            },
            "autoload": {
                "psr-4": {
                    "GuzzleHttp\\Promise\\": "src/"
                },
                "files": [
                    "src/functions_include.php"
                ]
            },
            "notification-url": "https://packagist.org/downloads/",
            "license": [
                "MIT"
            ],
            "authors": [
                {
                    "name": "Michael Dowling",
                    "email": "mtdowling@gmail.com",
                    "homepage": "https://github.com/mtdowling"
                }
            ],
            "description": "Guzzle promises library",
            "keywords": [
                "promise"
            ],
            "time": "2015-10-15 22:28:00"
        },
        {
            "name": "guzzlehttp/psr7",
            "version": "1.2.3",
            "source": {
                "type": "git",
                "url": "https://github.com/guzzle/psr7.git",
                "reference": "2e89629ff057ebb49492ba08e6995d3a6a80021b"
            },
            "dist": {
                "type": "zip",
                "url": "https://api.github.com/repos/guzzle/psr7/zipball/2e89629ff057ebb49492ba08e6995d3a6a80021b",
                "reference": "2e89629ff057ebb49492ba08e6995d3a6a80021b",
                "shasum": ""
            },
            "require": {
                "php": ">=5.4.0",
                "psr/http-message": "~1.0"
            },
            "provide": {
                "psr/http-message-implementation": "1.0"
            },
            "require-dev": {
                "phpunit/phpunit": "~4.0"
            },
            "type": "library",
            "extra": {
                "branch-alias": {
                    "dev-master": "1.0-dev"
                }
            },
            "autoload": {
                "psr-4": {
                    "GuzzleHttp\\Psr7\\": "src/"
                },
                "files": [
                    "src/functions_include.php"
                ]
            },
            "notification-url": "https://packagist.org/downloads/",
            "license": [
                "MIT"
            ],
            "authors": [
                {
                    "name": "Michael Dowling",
                    "email": "mtdowling@gmail.com",
                    "homepage": "https://github.com/mtdowling"
                }
            ],
            "description": "PSR-7 message implementation",
            "keywords": [
                "http",
                "message",
                "stream",
                "uri"
            ],
            "time": "2016-02-18 21:54:00"
        },
        {
            "name": "myclabs/php-enum",
            "version": "1.4.1",
            "source": {
                "type": "git",
                "url": "https://github.com/myclabs/php-enum.git",
                "reference": "07da9d1a7469941ae05b046193fac4c83bdb0d7e"
            },
            "dist": {
                "type": "zip",
                "url": "https://api.github.com/repos/myclabs/php-enum/zipball/07da9d1a7469941ae05b046193fac4c83bdb0d7e",
                "reference": "07da9d1a7469941ae05b046193fac4c83bdb0d7e",
                "shasum": ""
            },
            "require": {
                "php": ">=5.3"
            },
            "require-dev": {
                "phpunit/phpunit": "4.*",
                "squizlabs/php_codesniffer": "1.*"
            },
            "type": "library",
            "autoload": {
                "psr-4": {
                    "MyCLabs\\Enum\\": "src/"
                }
            },
            "notification-url": "https://packagist.org/downloads/",
            "license": [
                "MIT"
            ],
            "authors": [
                {
                    "name": "PHP Enum contributors",
                    "homepage": "https://github.com/myclabs/php-enum/graphs/contributors"
                }
            ],
            "description": "PHP Enum implementation",
            "homepage": "http://github.com/myclabs/php-enum",
            "keywords": [
                "enum"
            ],
            "time": "2015-07-22 16:14:03"
        },
        {
            "name": "psr/http-message",
            "version": "1.0",
            "source": {
                "type": "git",
                "url": "https://github.com/php-fig/http-message.git",
                "reference": "85d63699f0dbedb190bbd4b0d2b9dc707ea4c298"
            },
            "dist": {
                "type": "zip",
                "url": "https://api.github.com/repos/php-fig/http-message/zipball/85d63699f0dbedb190bbd4b0d2b9dc707ea4c298",
                "reference": "85d63699f0dbedb190bbd4b0d2b9dc707ea4c298",
                "shasum": ""
            },
            "require": {
                "php": ">=5.3.0"
            },
            "type": "library",
            "extra": {
                "branch-alias": {
                    "dev-master": "1.0.x-dev"
                }
            },
            "autoload": {
                "psr-4": {
                    "Psr\\Http\\Message\\": "src/"
                }
            },
            "notification-url": "https://packagist.org/downloads/",
            "license": [
                "MIT"
            ],
            "authors": [
                {
                    "name": "PHP-FIG",
                    "homepage": "http://www.php-fig.org/"
                }
            ],
            "description": "Common interface for HTTP messages",
            "keywords": [
                "http",
                "http-message",
                "psr",
                "psr-7",
                "request",
                "response"
            ],
            "time": "2015-05-04 20:22:00"
        },
        {
            "name": "symfony/event-dispatcher",
            "version": "v3.0.3",
            "source": {
                "type": "git",
                "url": "https://github.com/symfony/event-dispatcher.git",
                "reference": "4dd5df31a28c0f82b41cb1e1599b74b5dcdbdafa"
            },
            "dist": {
                "type": "zip",
                "url": "https://api.github.com/repos/symfony/event-dispatcher/zipball/4dd5df31a28c0f82b41cb1e1599b74b5dcdbdafa",
                "reference": "4dd5df31a28c0f82b41cb1e1599b74b5dcdbdafa",
                "shasum": ""
            },
            "require": {
                "php": ">=5.5.9"
            },
            "require-dev": {
                "psr/log": "~1.0",
                "symfony/config": "~2.8|~3.0",
                "symfony/dependency-injection": "~2.8|~3.0",
                "symfony/expression-language": "~2.8|~3.0",
                "symfony/stopwatch": "~2.8|~3.0"
            },
            "suggest": {
                "symfony/dependency-injection": "",
                "symfony/http-kernel": ""
            },
            "type": "library",
            "extra": {
                "branch-alias": {
                    "dev-master": "3.0-dev"
                }
            },
            "autoload": {
                "psr-4": {
                    "Symfony\\Component\\EventDispatcher\\": ""
                },
                "exclude-from-classmap": [
                    "/Tests/"
                ]
            },
            "notification-url": "https://packagist.org/downloads/",
            "license": [
                "MIT"
            ],
            "authors": [
                {
                    "name": "Fabien Potencier",
                    "email": "fabien@symfony.com"
                },
                {
                    "name": "Symfony Community",
                    "homepage": "https://symfony.com/contributors"
                }
            ],
            "description": "Symfony EventDispatcher Component",
            "homepage": "https://symfony.com",
            "time": "2016-01-27 05:14:46"
        }
    ],
    "packages-dev": [],
    "aliases": [],
    "minimum-stability": "stable",
    "stability-flags": {
        "graphaware/neo4j-php-client": 15
    },
    "prefer-stable": false,
    "prefer-lowest": false,
    "platform": [],
    "platform-dev": []
}
